// !$*UTF8*$!
{
	archiveVersion = 1;
	classes = {
	};
	objectVersion = 46;
	objects = {

/* Begin PBXBuildFile section */
		45B0940A1DBF711000AA0625 /* OpenGLShadowProgram.cpp in Sources */ = {isa = PBXBuildFile; fileRef = 45B094081DBF711000AA0625 /* OpenGLShadowProgram.cpp */; };
		45DD186524E1B40B0066ACDC /* glm in Resources */ = {isa = PBXBuildFile; fileRef = 45DD186424E1B40B0066ACDC /* glm */; };
		5F50727F1E17FAC1007EF004 /* OpenGLModelProgramBuilder.cpp in Sources */ = {isa = PBXBuildFile; fileRef = 5F50727D1E17FAC1007EF004 /* OpenGLModelProgramBuilder.cpp */; };
		5F64266F1D00717A00166E20 /* OpenGLRenderViewController.mm in Sources */ = {isa = PBXBuildFile; fileRef = 5F64266C1D00717A00166E20 /* OpenGLRenderViewController.mm */; };
		5F6426701D00717A00166E20 /* SceneListViewController.mm in Sources */ = {isa = PBXBuildFile; fileRef = 5F64266E1D00717A00166E20 /* SceneListViewController.mm */; };
		5F720D7D1DB3CA0D00F29D74 /* OpenGLSkyboxProgram.cpp in Sources */ = {isa = PBXBuildFile; fileRef = 5F720D7B1DB3CA0D00F29D74 /* OpenGLSkyboxProgram.cpp */; };
		5F8A6D791D8CB1630057E7C5 /* iOSFileOpen.cpp in Sources */ = {isa = PBXBuildFile; fileRef = 5F8A6D781D8CB1630057E7C5 /* iOSFileOpen.cpp */; };
		5F8A6D7F1D8CCA240057E7C5 /* Utils.cpp in Sources */ = {isa = PBXBuildFile; fileRef = 5F8A6D7D1D8CCA240057E7C5 /* Utils.cpp */; };
		5F94F6981D8892A6005A657F /* lodepng.cpp in Sources */ = {isa = PBXBuildFile; fileRef = 5F94F6151D8892A6005A657F /* lodepng.cpp */; };
		5F94F6991D8892A6005A657F /* Model3D.cpp in Sources */ = {isa = PBXBuildFile; fileRef = 5F94F6181D8892A6005A657F /* Model3D.cpp */; };
		5F94F69A1D8892A6005A657F /* OpenGLCamera.cpp in Sources */ = {isa = PBXBuildFile; fileRef = 5F94F61A1D8892A6005A657F /* OpenGLCamera.cpp */; };
		5F94F69B1D8892A6005A657F /* OpenGLObjParser.cpp in Sources */ = {isa = PBXBuildFile; fileRef = 5F94F61C1D8892A6005A657F /* OpenGLObjParser.cpp */; };
		5F94F69C1D8892A6005A657F /* OpenGLProgram.cpp in Sources */ = {isa = PBXBuildFile; fileRef = 5F94F61E1D8892A6005A657F /* OpenGLProgram.cpp */; };
		5F94F69D1D8892A6005A657F /* OpenGLRenderer.cpp in Sources */ = {isa = PBXBuildFile; fileRef = 5F94F6201D8892A6005A657F /* OpenGLRenderer.cpp */; };
		5F94F69E1D8892A6005A657F /* OpenGLShader.cpp in Sources */ = {isa = PBXBuildFile; fileRef = 5F94F6221D8892A6005A657F /* OpenGLShader.cpp */; };
		5F94F69F1D8892A6005A657F /* Scene.cpp in Sources */ = {isa = PBXBuildFile; fileRef = 5F94F6241D8892A6005A657F /* Scene.cpp */; };
		5F9D61631DA13A6D00B87028 /* OpenGLTexture.cpp in Sources */ = {isa = PBXBuildFile; fileRef = 5F9D61611DA13A6D00B87028 /* OpenGLTexture.cpp */; };
		5FC9CF7D1DAC408500C566E4 /* OpenGLFramebufferObject.cpp in Sources */ = {isa = PBXBuildFile; fileRef = 5FC9CF7B1DAC408500C566E4 /* OpenGLFramebufferObject.cpp */; };
		5FCA374B1DB970E000C7F7E7 /* Objs in Resources */ = {isa = PBXBuildFile; fileRef = 5FCA37491DB970E000C7F7E7 /* Objs */; };
		5FCA374C1DB970E000C7F7E7 /* Shaders in Resources */ = {isa = PBXBuildFile; fileRef = 5FCA374A1DB970E000C7F7E7 /* Shaders */; };
		5FDA60F11E169D1000301939 /* OpenGLModelRGBProgram.cpp in Sources */ = {isa = PBXBuildFile; fileRef = 5FDA60EC1E169D1000301939 /* OpenGLModelRGBProgram.cpp */; };
		5FDA60F21E169D1000301939 /* OpenGLModelSpectralProgram.cpp in Sources */ = {isa = PBXBuildFile; fileRef = 5FDA60EE1E169D1000301939 /* OpenGLModelSpectralProgram.cpp */; };
		5FEF360A1CF7B3D7003DE7BC /* main.m in Sources */ = {isa = PBXBuildFile; fileRef = 5FEF36091CF7B3D7003DE7BC /* main.m */; };
		5FEF360D1CF7B3D7003DE7BC /* AppDelegate.mm in Sources */ = {isa = PBXBuildFile; fileRef = 5FEF360C1CF7B3D7003DE7BC /* AppDelegate.mm */; };
		5FEF36131CF7B3D7003DE7BC /* Main.storyboard in Resources */ = {isa = PBXBuildFile; fileRef = 5FEF36111CF7B3D7003DE7BC /* Main.storyboard */; };
		5FEF36151CF7B3D7003DE7BC /* Assets.xcassets in Resources */ = {isa = PBXBuildFile; fileRef = 5FEF36141CF7B3D7003DE7BC /* Assets.xcassets */; };
		5FEF36181CF7B3D7003DE7BC /* LaunchScreen.storyboard in Resources */ = {isa = PBXBuildFile; fileRef = 5FEF36161CF7B3D7003DE7BC /* LaunchScreen.storyboard */; };
		5FEF36201CF7B534003DE7BC /* GLKit.framework in Frameworks */ = {isa = PBXBuildFile; fileRef = 5FEF361F1CF7B534003DE7BC /* GLKit.framework */; };
		5FFE25D21E1C35FC004AC8CD /* OpenGLModelProgram.cpp in Sources */ = {isa = PBXBuildFile; fileRef = 5FFE25D11E1C35FC004AC8CD /* OpenGLModelProgram.cpp */; };
/* End PBXBuildFile section */

/* Begin PBXFileReference section */
		45B094081DBF711000AA0625 /* OpenGLShadowProgram.cpp */ = {isa = PBXFileReference; explicitFileType = sourcecode.cpp.objcpp; fileEncoding = 4; path = OpenGLShadowProgram.cpp; sourceTree = "<group>"; };
		45B094091DBF711000AA0625 /* OpenGLShadowProgram.hpp */ = {isa = PBXFileReference; fileEncoding = 4; lastKnownFileType = sourcecode.cpp.h; path = OpenGLShadowProgram.hpp; sourceTree = "<group>"; };
		45DD186424E1B40B0066ACDC /* glm */ = {isa = PBXFileReference; lastKnownFileType = folder; path = glm; sourceTree = "<group>"; };
		5F08A37F1E1B1CE90038F99B /* MaterialRGB.hpp */ = {isa = PBXFileReference; fileEncoding = 4; lastKnownFileType = sourcecode.cpp.h; path = MaterialRGB.hpp; sourceTree = "<group>"; };
		5F08A3821E1B1D440038F99B /* MaterialSpectral.hpp */ = {isa = PBXFileReference; fileEncoding = 4; lastKnownFileType = sourcecode.cpp.h; path = MaterialSpectral.hpp; sourceTree = "<group>"; };
		5F08A3841E1B1E2B0038F99B /* SBEConfiguration.hpp */ = {isa = PBXFileReference; lastKnownFileType = sourcecode.cpp.h; path = SBEConfiguration.hpp; sourceTree = "<group>"; };
		5F50727D1E17FAC1007EF004 /* OpenGLModelProgramBuilder.cpp */ = {isa = PBXFileReference; explicitFileType = sourcecode.cpp.objcpp; fileEncoding = 4; path = OpenGLModelProgramBuilder.cpp; sourceTree = "<group>"; };
		5F50727E1E17FAC1007EF004 /* OpenGLModelProgramBuilder.hpp */ = {isa = PBXFileReference; fileEncoding = 4; lastKnownFileType = sourcecode.cpp.h; path = OpenGLModelProgramBuilder.hpp; sourceTree = "<group>"; };
		5F64266B1D00717A00166E20 /* OpenGLRenderViewController.h */ = {isa = PBXFileReference; fileEncoding = 4; lastKnownFileType = sourcecode.c.h; lineEnding = 0; path = OpenGLRenderViewController.h; sourceTree = "<group>"; xcLanguageSpecificationIdentifier = xcode.lang.objcpp; };
		5F64266C1D00717A00166E20 /* OpenGLRenderViewController.mm */ = {isa = PBXFileReference; fileEncoding = 4; lastKnownFileType = sourcecode.cpp.objcpp; lineEnding = 0; path = OpenGLRenderViewController.mm; sourceTree = "<group>"; xcLanguageSpecificationIdentifier = xcode.lang.objcpp; };
		5F64266D1D00717A00166E20 /* SceneListViewController.h */ = {isa = PBXFileReference; fileEncoding = 4; lastKnownFileType = sourcecode.c.h; lineEnding = 0; path = SceneListViewController.h; sourceTree = "<group>"; xcLanguageSpecificationIdentifier = xcode.lang.objcpp; };
		5F64266E1D00717A00166E20 /* SceneListViewController.mm */ = {isa = PBXFileReference; fileEncoding = 4; lastKnownFileType = sourcecode.cpp.objcpp; lineEnding = 0; path = SceneListViewController.mm; sourceTree = "<group>"; xcLanguageSpecificationIdentifier = xcode.lang.objcpp; };
		5F720D7B1DB3CA0D00F29D74 /* OpenGLSkyboxProgram.cpp */ = {isa = PBXFileReference; explicitFileType = sourcecode.cpp.objcpp; fileEncoding = 4; lineEnding = 0; path = OpenGLSkyboxProgram.cpp; sourceTree = "<group>"; xcLanguageSpecificationIdentifier = xcode.lang.cpp; };
		5F720D7C1DB3CA0D00F29D74 /* OpenGLSkyboxProgram.hpp */ = {isa = PBXFileReference; fileEncoding = 4; lastKnownFileType = sourcecode.cpp.h; lineEnding = 0; path = OpenGLSkyboxProgram.hpp; sourceTree = "<group>"; xcLanguageSpecificationIdentifier = xcode.lang.cpp; };
		5F720D7E1DB3CA9500F29D74 /* OpenGLESHeaders.h */ = {isa = PBXFileReference; lastKnownFileType = sourcecode.c.h; lineEnding = 0; path = OpenGLESHeaders.h; sourceTree = "<group>"; xcLanguageSpecificationIdentifier = xcode.lang.objcpp; };
		5F720D7F1DB3D69000F29D74 /* SceneLoader.h */ = {isa = PBXFileReference; lastKnownFileType = sourcecode.c.h; lineEnding = 0; path = SceneLoader.h; sourceTree = "<group>"; xcLanguageSpecificationIdentifier = xcode.lang.objcpp; };
		5F8A6D781D8CB1630057E7C5 /* iOSFileOpen.cpp */ = {isa = PBXFileReference; explicitFileType = sourcecode.cpp.objcpp; fileEncoding = 4; lineEnding = 0; path = iOSFileOpen.cpp; sourceTree = "<group>"; xcLanguageSpecificationIdentifier = xcode.lang.cpp; };
		5F8A6D7D1D8CCA240057E7C5 /* Utils.cpp */ = {isa = PBXFileReference; explicitFileType = sourcecode.cpp.objcpp; fileEncoding = 4; lineEnding = 0; path = Utils.cpp; sourceTree = "<group>"; xcLanguageSpecificationIdentifier = xcode.lang.cpp; };
		5F8A6D7E1D8CCA240057E7C5 /* Utils.hpp */ = {isa = PBXFileReference; fileEncoding = 4; lastKnownFileType = sourcecode.cpp.h; lineEnding = 0; path = Utils.hpp; sourceTree = "<group>"; xcLanguageSpecificationIdentifier = xcode.lang.cpp; };
		5F94F6151D8892A6005A657F /* lodepng.cpp */ = {isa = PBXFileReference; explicitFileType = sourcecode.cpp.objcpp; fileEncoding = 4; path = lodepng.cpp; sourceTree = "<group>"; };
		5F94F6161D8892A6005A657F /* lodepng.h */ = {isa = PBXFileReference; explicitFileType = sourcecode.cpp.objcpp; fileEncoding = 4; path = lodepng.h; sourceTree = "<group>"; };
		5F94F6171D8892A6005A657F /* Material.hpp */ = {isa = PBXFileReference; explicitFileType = sourcecode.cpp.objcpp; fileEncoding = 4; lineEnding = 0; path = Material.hpp; sourceTree = "<group>"; xcLanguageSpecificationIdentifier = xcode.lang.cpp; };
		5F94F6181D8892A6005A657F /* Model3D.cpp */ = {isa = PBXFileReference; explicitFileType = sourcecode.cpp.objcpp; fileEncoding = 4; lineEnding = 0; path = Model3D.cpp; sourceTree = "<group>"; xcLanguageSpecificationIdentifier = xcode.lang.cpp; };
		5F94F6191D8892A6005A657F /* Model3D.hpp */ = {isa = PBXFileReference; explicitFileType = sourcecode.cpp.objcpp; fileEncoding = 4; lineEnding = 0; path = Model3D.hpp; sourceTree = "<group>"; xcLanguageSpecificationIdentifier = xcode.lang.cpp; };
		5F94F61A1D8892A6005A657F /* OpenGLCamera.cpp */ = {isa = PBXFileReference; explicitFileType = sourcecode.cpp.objcpp; fileEncoding = 4; lineEnding = 0; path = OpenGLCamera.cpp; sourceTree = "<group>"; xcLanguageSpecificationIdentifier = xcode.lang.cpp; };
		5F94F61B1D8892A6005A657F /* OpenGLCamera.hpp */ = {isa = PBXFileReference; explicitFileType = sourcecode.cpp.objcpp; fileEncoding = 4; lineEnding = 0; path = OpenGLCamera.hpp; sourceTree = "<group>"; xcLanguageSpecificationIdentifier = xcode.lang.cpp; };
		5F94F61C1D8892A6005A657F /* OpenGLObjParser.cpp */ = {isa = PBXFileReference; explicitFileType = sourcecode.cpp.objcpp; fileEncoding = 4; lineEnding = 0; path = OpenGLObjParser.cpp; sourceTree = "<group>"; xcLanguageSpecificationIdentifier = xcode.lang.objcpp; };
		5F94F61D1D8892A6005A657F /* OpenGLObjParser.hpp */ = {isa = PBXFileReference; explicitFileType = sourcecode.cpp.objcpp; fileEncoding = 4; lineEnding = 0; path = OpenGLObjParser.hpp; sourceTree = "<group>"; xcLanguageSpecificationIdentifier = xcode.lang.objcpp; };
		5F94F61E1D8892A6005A657F /* OpenGLProgram.cpp */ = {isa = PBXFileReference; explicitFileType = sourcecode.cpp.objcpp; fileEncoding = 4; lineEnding = 0; path = OpenGLProgram.cpp; sourceTree = "<group>"; xcLanguageSpecificationIdentifier = xcode.lang.cpp; };
		5F94F61F1D8892A6005A657F /* OpenGLProgram.hpp */ = {isa = PBXFileReference; explicitFileType = sourcecode.cpp.objcpp; fileEncoding = 4; lineEnding = 0; path = OpenGLProgram.hpp; sourceTree = "<group>"; xcLanguageSpecificationIdentifier = xcode.lang.cpp; };
		5F94F6201D8892A6005A657F /* OpenGLRenderer.cpp */ = {isa = PBXFileReference; explicitFileType = sourcecode.cpp.objcpp; fileEncoding = 4; lineEnding = 0; path = OpenGLRenderer.cpp; sourceTree = "<group>"; xcLanguageSpecificationIdentifier = xcode.lang.objcpp; };
		5F94F6211D8892A6005A657F /* OpenGLRenderer.hpp */ = {isa = PBXFileReference; explicitFileType = sourcecode.cpp.objcpp; fileEncoding = 4; lineEnding = 0; path = OpenGLRenderer.hpp; sourceTree = "<group>"; xcLanguageSpecificationIdentifier = xcode.lang.objcpp; };
		5F94F6221D8892A6005A657F /* OpenGLShader.cpp */ = {isa = PBXFileReference; explicitFileType = sourcecode.cpp.objcpp; fileEncoding = 4; lineEnding = 0; path = OpenGLShader.cpp; sourceTree = "<group>"; xcLanguageSpecificationIdentifier = xcode.lang.cpp; };
		5F94F6231D8892A6005A657F /* OpenGLShader.hpp */ = {isa = PBXFileReference; explicitFileType = sourcecode.cpp.objcpp; fileEncoding = 4; lineEnding = 0; path = OpenGLShader.hpp; sourceTree = "<group>"; xcLanguageSpecificationIdentifier = xcode.lang.objcpp; };
		5F94F6241D8892A6005A657F /* Scene.cpp */ = {isa = PBXFileReference; explicitFileType = sourcecode.cpp.objcpp; fileEncoding = 4; lineEnding = 0; path = Scene.cpp; sourceTree = "<group>"; xcLanguageSpecificationIdentifier = xcode.lang.cpp; };
		5F94F6251D8892A6005A657F /* Scene.hpp */ = {isa = PBXFileReference; explicitFileType = sourcecode.cpp.objcpp; fileEncoding = 4; lineEnding = 0; path = Scene.hpp; sourceTree = "<group>"; xcLanguageSpecificationIdentifier = xcode.lang.cpp; };
		5F9D61611DA13A6D00B87028 /* OpenGLTexture.cpp */ = {isa = PBXFileReference; fileEncoding = 4; lastKnownFileType = sourcecode.cpp.cpp; lineEnding = 0; path = OpenGLTexture.cpp; sourceTree = "<group>"; xcLanguageSpecificationIdentifier = xcode.lang.cpp; };
		5F9D61621DA13A6D00B87028 /* OpenGLTexture.hpp */ = {isa = PBXFileReference; fileEncoding = 4; lastKnownFileType = sourcecode.cpp.h; lineEnding = 0; path = OpenGLTexture.hpp; sourceTree = "<group>"; xcLanguageSpecificationIdentifier = xcode.lang.cpp; };
		5FC9CF7B1DAC408500C566E4 /* OpenGLFramebufferObject.cpp */ = {isa = PBXFileReference; fileEncoding = 4; lastKnownFileType = sourcecode.cpp.cpp; lineEnding = 0; path = OpenGLFramebufferObject.cpp; sourceTree = "<group>"; xcLanguageSpecificationIdentifier = xcode.lang.cpp; };
		5FC9CF7C1DAC408500C566E4 /* OpenGLFramebufferObject.hpp */ = {isa = PBXFileReference; fileEncoding = 4; lastKnownFileType = sourcecode.cpp.h; lineEnding = 0; path = OpenGLFramebufferObject.hpp; sourceTree = "<group>"; xcLanguageSpecificationIdentifier = xcode.lang.cpp; };
		5FCA37491DB970E000C7F7E7 /* Objs */ = {isa = PBXFileReference; lastKnownFileType = folder; path = Objs; sourceTree = "<group>"; };
		5FCA374A1DB970E000C7F7E7 /* Shaders */ = {isa = PBXFileReference; lastKnownFileType = folder; path = Shaders; sourceTree = "<group>"; };
		5FCA374D1DB9732400C7F7E7 /* OpenGLESConfiguration.h */ = {isa = PBXFileReference; lastKnownFileType = sourcecode.c.h; path = OpenGLESConfiguration.h; sourceTree = "<group>"; };
		5FDA60EB1E169D1000301939 /* OpenGLModelProgram.hpp */ = {isa = PBXFileReference; fileEncoding = 4; lastKnownFileType = sourcecode.cpp.h; path = OpenGLModelProgram.hpp; sourceTree = "<group>"; };
		5FDA60EC1E169D1000301939 /* OpenGLModelRGBProgram.cpp */ = {isa = PBXFileReference; explicitFileType = sourcecode.cpp.objcpp; fileEncoding = 4; path = OpenGLModelRGBProgram.cpp; sourceTree = "<group>"; };
		5FDA60ED1E169D1000301939 /* OpenGLModelRGBProgram.hpp */ = {isa = PBXFileReference; fileEncoding = 4; lastKnownFileType = sourcecode.cpp.h; path = OpenGLModelRGBProgram.hpp; sourceTree = "<group>"; };
		5FDA60EE1E169D1000301939 /* OpenGLModelSpectralProgram.cpp */ = {isa = PBXFileReference; explicitFileType = sourcecode.cpp.objcpp; fileEncoding = 4; path = OpenGLModelSpectralProgram.cpp; sourceTree = "<group>"; };
		5FDA60EF1E169D1000301939 /* OpenGLModelSpectralProgram.hpp */ = {isa = PBXFileReference; fileEncoding = 4; lastKnownFileType = sourcecode.cpp.h; path = OpenGLModelSpectralProgram.hpp; sourceTree = "<group>"; };
		5FDA60F41E16BEBB00301939 /* Illuminant.hpp */ = {isa = PBXFileReference; lastKnownFileType = sourcecode.cpp.h; path = Illuminant.hpp; sourceTree = "<group>"; };
		5FDA60F51E16BEFE00301939 /* MacbethColorChecker.hpp */ = {isa = PBXFileReference; lastKnownFileType = sourcecode.cpp.h; path = MacbethColorChecker.hpp; sourceTree = "<group>"; };
		5FE9B80F1D8C9C8E00852681 /* iOSFileOpen.hpp */ = {isa = PBXFileReference; explicitFileType = sourcecode.cpp.objcpp; fileEncoding = 4; lineEnding = 0; path = iOSFileOpen.hpp; sourceTree = "<group>"; xcLanguageSpecificationIdentifier = xcode.lang.cpp; };
		5FEF36051CF7B3D7003DE7BC /* SpectralBRDFExplorer.app */ = {isa = PBXFileReference; explicitFileType = wrapper.application; includeInIndex = 0; path = SpectralBRDFExplorer.app; sourceTree = BUILT_PRODUCTS_DIR; };
		5FEF36091CF7B3D7003DE7BC /* main.m */ = {isa = PBXFileReference; lastKnownFileType = sourcecode.c.objc; lineEnding = 0; path = main.m; sourceTree = "<group>"; xcLanguageSpecificationIdentifier = xcode.lang.objc; };
		5FEF360B1CF7B3D7003DE7BC /* AppDelegate.h */ = {isa = PBXFileReference; lastKnownFileType = sourcecode.c.h; lineEnding = 0; path = AppDelegate.h; sourceTree = "<group>"; xcLanguageSpecificationIdentifier = xcode.lang.objcpp; };
		5FEF360C1CF7B3D7003DE7BC /* AppDelegate.mm */ = {isa = PBXFileReference; lastKnownFileType = sourcecode.cpp.objcpp; lineEnding = 0; path = AppDelegate.mm; sourceTree = "<group>"; xcLanguageSpecificationIdentifier = xcode.lang.objcpp; };
		5FEF36121CF7B3D7003DE7BC /* Base */ = {isa = PBXFileReference; lastKnownFileType = file.storyboard; name = Base; path = Base.lproj/Main.storyboard; sourceTree = "<group>"; };
		5FEF36141CF7B3D7003DE7BC /* Assets.xcassets */ = {isa = PBXFileReference; lastKnownFileType = folder.assetcatalog; path = Assets.xcassets; sourceTree = "<group>"; };
		5FEF36171CF7B3D7003DE7BC /* Base */ = {isa = PBXFileReference; lastKnownFileType = file.storyboard; name = Base; path = Base.lproj/LaunchScreen.storyboard; sourceTree = "<group>"; };
		5FEF36191CF7B3D7003DE7BC /* Info.plist */ = {isa = PBXFileReference; lastKnownFileType = text.plist.xml; path = Info.plist; sourceTree = "<group>"; };
		5FEF361F1CF7B534003DE7BC /* GLKit.framework */ = {isa = PBXFileReference; lastKnownFileType = wrapper.framework; name = GLKit.framework; path = System/Library/Frameworks/GLKit.framework; sourceTree = SDKROOT; };
		5FFE25D11E1C35FC004AC8CD /* OpenGLModelProgram.cpp */ = {isa = PBXFileReference; explicitFileType = sourcecode.cpp.objcpp; fileEncoding = 4; path = OpenGLModelProgram.cpp; sourceTree = "<group>"; };
/* End PBXFileReference section */

/* Begin PBXFrameworksBuildPhase section */
		5FEF36021CF7B3D7003DE7BC /* Frameworks */ = {
			isa = PBXFrameworksBuildPhase;
			buildActionMask = 2147483647;
			files = (
				5FEF36201CF7B534003DE7BC /* GLKit.framework in Frameworks */,
			);
			runOnlyForDeploymentPostprocessing = 0;
		};
/* End PBXFrameworksBuildPhase section */

/* Begin PBXGroup section */
		5F64266A1D00717A00166E20 /* Controller */ = {
			isa = PBXGroup;
			children = (
				5F64266B1D00717A00166E20 /* OpenGLRenderViewController.h */,
				5F64266C1D00717A00166E20 /* OpenGLRenderViewController.mm */,
				5F64266D1D00717A00166E20 /* SceneListViewController.h */,
				5F64266E1D00717A00166E20 /* SceneListViewController.mm */,
			);
			path = Controller;
			sourceTree = "<group>";
		};
		5F94F4E41D88928F005A657F /* Assets */ = {
			isa = PBXGroup;
			children = (
				5FCA37491DB970E000C7F7E7 /* Objs */,
				5FCA374A1DB970E000C7F7E7 /* Shaders */,
			);
			name = Assets;
			path = ../Assets;
			sourceTree = "<group>";
		};
		5F94F50A1D8892A6005A657F /* SpectralBRDFExplorer */ = {
			isa = PBXGroup;
			children = (
				45DD186424E1B40B0066ACDC /* glm */,
				5F94F6141D8892A6005A657F /* lodepng */,
				5FDA60F41E16BEBB00301939 /* Illuminant.hpp */,
				5FDA60F51E16BEFE00301939 /* MacbethColorChecker.hpp */,
				5F94F6171D8892A6005A657F /* Material.hpp */,
				5F08A3821E1B1D440038F99B /* MaterialSpectral.hpp */,
				5F08A37F1E1B1CE90038F99B /* MaterialRGB.hpp */,
				5F94F6191D8892A6005A657F /* Model3D.hpp */,
				5F94F6181D8892A6005A657F /* Model3D.cpp */,
				5F94F6251D8892A6005A657F /* Scene.hpp */,
				5F94F6241D8892A6005A657F /* Scene.cpp */,
				5F720D7F1DB3D69000F29D74 /* SceneLoader.h */,
				5F08A3841E1B1E2B0038F99B /* SBEConfiguration.hpp */,
				5F8A6D7E1D8CCA240057E7C5 /* Utils.hpp */,
				5F8A6D7D1D8CCA240057E7C5 /* Utils.cpp */,
				5F720D7E1DB3CA9500F29D74 /* OpenGLESHeaders.h */,
				5FCA374D1DB9732400C7F7E7 /* OpenGLESConfiguration.h */,
				5F94F61B1D8892A6005A657F /* OpenGLCamera.hpp */,
				5F94F61A1D8892A6005A657F /* OpenGLCamera.cpp */,
				5F94F61D1D8892A6005A657F /* OpenGLObjParser.hpp */,
				5F94F61C1D8892A6005A657F /* OpenGLObjParser.cpp */,
				5F94F6211D8892A6005A657F /* OpenGLRenderer.hpp */,
				5F94F6201D8892A6005A657F /* OpenGLRenderer.cpp */,
				5F94F6231D8892A6005A657F /* OpenGLShader.hpp */,
				5F94F6221D8892A6005A657F /* OpenGLShader.cpp */,
				5F94F61F1D8892A6005A657F /* OpenGLProgram.hpp */,
				5F94F61E1D8892A6005A657F /* OpenGLProgram.cpp */,
				5FDA60EB1E169D1000301939 /* OpenGLModelProgram.hpp */,
				5FFE25D11E1C35FC004AC8CD /* OpenGLModelProgram.cpp */,
				5F50727E1E17FAC1007EF004 /* OpenGLModelProgramBuilder.hpp */,
				5F50727D1E17FAC1007EF004 /* OpenGLModelProgramBuilder.cpp */,
				5FDA60ED1E169D1000301939 /* OpenGLModelRGBProgram.hpp */,
				5FDA60EC1E169D1000301939 /* OpenGLModelRGBProgram.cpp */,
				5FDA60EF1E169D1000301939 /* OpenGLModelSpectralProgram.hpp */,
				5FDA60EE1E169D1000301939 /* OpenGLModelSpectralProgram.cpp */,
				5F720D7C1DB3CA0D00F29D74 /* OpenGLSkyboxProgram.hpp */,
				5F720D7B1DB3CA0D00F29D74 /* OpenGLSkyboxProgram.cpp */,
				45B094091DBF711000AA0625 /* OpenGLShadowProgram.hpp */,
				45B094081DBF711000AA0625 /* OpenGLShadowProgram.cpp */,
				5F9D61621DA13A6D00B87028 /* OpenGLTexture.hpp */,
				5F9D61611DA13A6D00B87028 /* OpenGLTexture.cpp */,
				5FC9CF7C1DAC408500C566E4 /* OpenGLFramebufferObject.hpp */,
				5FC9CF7B1DAC408500C566E4 /* OpenGLFramebufferObject.cpp */,
			);
			name = SpectralBRDFExplorer;
			path = ../SpectralBRDFExplorer;
			sourceTree = "<group>";
		};
		5F94F6141D8892A6005A657F /* lodepng */ = {
			isa = PBXGroup;
			children = (
				5F94F6151D8892A6005A657F /* lodepng.cpp */,
				5F94F6161D8892A6005A657F /* lodepng.h */,
			);
			path = lodepng;
			sourceTree = "<group>";
		};
		5FEF35FC1CF7B3D7003DE7BC = {
			isa = PBXGroup;
			children = (
				5FEF36071CF7B3D7003DE7BC /* app */,
				5F94F4E41D88928F005A657F /* Assets */,
				5F94F50A1D8892A6005A657F /* SpectralBRDFExplorer */,
				5FEF36061CF7B3D7003DE7BC /* Products */,
			);
			sourceTree = "<group>";
		};
		5FEF36061CF7B3D7003DE7BC /* Products */ = {
			isa = PBXGroup;
			children = (
				5FEF36051CF7B3D7003DE7BC /* SpectralBRDFExplorer.app */,
			);
			name = Products;
			sourceTree = "<group>";
		};
		5FEF36071CF7B3D7003DE7BC /* app */ = {
			isa = PBXGroup;
			children = (
				5F64266A1D00717A00166E20 /* Controller */,
				5FEF360B1CF7B3D7003DE7BC /* AppDelegate.h */,
				5FEF360C1CF7B3D7003DE7BC /* AppDelegate.mm */,
				5FEF36111CF7B3D7003DE7BC /* Main.storyboard */,
				5FEF36141CF7B3D7003DE7BC /* Assets.xcassets */,
				5FEF36161CF7B3D7003DE7BC /* LaunchScreen.storyboard */,
				5FEF36191CF7B3D7003DE7BC /* Info.plist */,
				5FEF36081CF7B3D7003DE7BC /* Supporting Files */,
				5FEF36291CF7C0D2003DE7BC /* Frameworks */,
				5FE9B80F1D8C9C8E00852681 /* iOSFileOpen.hpp */,
				5F8A6D781D8CB1630057E7C5 /* iOSFileOpen.cpp */,
			);
			path = app;
			sourceTree = "<group>";
		};
		5FEF36081CF7B3D7003DE7BC /* Supporting Files */ = {
			isa = PBXGroup;
			children = (
				5FEF36091CF7B3D7003DE7BC /* main.m */,
			);
			name = "Supporting Files";
			sourceTree = "<group>";
		};
		5FEF36291CF7C0D2003DE7BC /* Frameworks */ = {
			isa = PBXGroup;
			children = (
				5FEF361F1CF7B534003DE7BC /* GLKit.framework */,
			);
			name = Frameworks;
			path = ..;
			sourceTree = "<group>";
		};
/* End PBXGroup section */

/* Begin PBXNativeTarget section */
		5FEF36041CF7B3D7003DE7BC /* SpectralBRDFExplorer */ = {
			isa = PBXNativeTarget;
			buildConfigurationList = 5FEF361C1CF7B3D7003DE7BC /* Build configuration list for PBXNativeTarget "SpectralBRDFExplorer" */;
			buildPhases = (
				5FEF36011CF7B3D7003DE7BC /* Sources */,
				5FEF36021CF7B3D7003DE7BC /* Frameworks */,
				5FEF36031CF7B3D7003DE7BC /* Resources */,
			);
			buildRules = (
			);
			dependencies = (
			);
			name = SpectralBRDFExplorer;
			productName = OpenGL;
			productReference = 5FEF36051CF7B3D7003DE7BC /* SpectralBRDFExplorer.app */;
			productType = "com.apple.product-type.application";
		};
/* End PBXNativeTarget section */

/* Begin PBXProject section */
		5FEF35FD1CF7B3D7003DE7BC /* Project object */ = {
			isa = PBXProject;
			attributes = {
				LastUpgradeCheck = 1160;
				ORGANIZATIONNAME = "Fabrizio Duroni";
				TargetAttributes = {
					5FEF36041CF7B3D7003DE7BC = {
						CreatedOnToolsVersion = 7.3.1;
						DevelopmentTeam = Y682K92RZU;
						ProvisioningStyle = Automatic;
					};
				};
			};
			buildConfigurationList = 5FEF36001CF7B3D7003DE7BC /* Build configuration list for PBXProject "SpectralBRDFExplorer" */;
			compatibilityVersion = "Xcode 3.2";
			developmentRegion = en;
			hasScannedForEncodings = 0;
			knownRegions = (
				en,
				Base,
			);
			mainGroup = 5FEF35FC1CF7B3D7003DE7BC;
			productRefGroup = 5FEF36061CF7B3D7003DE7BC /* Products */;
			projectDirPath = "";
			projectRoot = "";
			targets = (
				5FEF36041CF7B3D7003DE7BC /* SpectralBRDFExplorer */,
			);
		};
/* End PBXProject section */

/* Begin PBXResourcesBuildPhase section */
		5FEF36031CF7B3D7003DE7BC /* Resources */ = {
			isa = PBXResourcesBuildPhase;
			buildActionMask = 2147483647;
			files = (
				5FEF36181CF7B3D7003DE7BC /* LaunchScreen.storyboard in Resources */,
				5FEF36151CF7B3D7003DE7BC /* Assets.xcassets in Resources */,
				5FCA374C1DB970E000C7F7E7 /* Shaders in Resources */,
				45DD186524E1B40B0066ACDC /* glm in Resources */,
				5FEF36131CF7B3D7003DE7BC /* Main.storyboard in Resources */,
				5FCA374B1DB970E000C7F7E7 /* Objs in Resources */,
			);
			runOnlyForDeploymentPostprocessing = 0;
		};
/* End PBXResourcesBuildPhase section */

/* Begin PBXSourcesBuildPhase section */
		5FEF36011CF7B3D7003DE7BC /* Sources */ = {
			isa = PBXSourcesBuildPhase;
			buildActionMask = 2147483647;
			files = (
				5F720D7D1DB3CA0D00F29D74 /* OpenGLSkyboxProgram.cpp in Sources */,
				5FEF360D1CF7B3D7003DE7BC /* AppDelegate.mm in Sources */,
				5F94F69E1D8892A6005A657F /* OpenGLShader.cpp in Sources */,
				5F94F69A1D8892A6005A657F /* OpenGLCamera.cpp in Sources */,
				5FDA60F21E169D1000301939 /* OpenGLModelSpectralProgram.cpp in Sources */,
				5F9D61631DA13A6D00B87028 /* OpenGLTexture.cpp in Sources */,
				5F94F69C1D8892A6005A657F /* OpenGLProgram.cpp in Sources */,
				5F64266F1D00717A00166E20 /* OpenGLRenderViewController.mm in Sources */,
				5F94F69B1D8892A6005A657F /* OpenGLObjParser.cpp in Sources */,
				5FFE25D21E1C35FC004AC8CD /* OpenGLModelProgram.cpp in Sources */,
				5FC9CF7D1DAC408500C566E4 /* OpenGLFramebufferObject.cpp in Sources */,
				5F94F69F1D8892A6005A657F /* Scene.cpp in Sources */,
				5F94F6991D8892A6005A657F /* Model3D.cpp in Sources */,
				5F50727F1E17FAC1007EF004 /* OpenGLModelProgramBuilder.cpp in Sources */,
				5F6426701D00717A00166E20 /* SceneListViewController.mm in Sources */,
				5F94F69D1D8892A6005A657F /* OpenGLRenderer.cpp in Sources */,
				5F8A6D7F1D8CCA240057E7C5 /* Utils.cpp in Sources */,
				5F94F6981D8892A6005A657F /* lodepng.cpp in Sources */,
				5F8A6D791D8CB1630057E7C5 /* iOSFileOpen.cpp in Sources */,
				5FEF360A1CF7B3D7003DE7BC /* main.m in Sources */,
				45B0940A1DBF711000AA0625 /* OpenGLShadowProgram.cpp in Sources */,
				5FDA60F11E169D1000301939 /* OpenGLModelRGBProgram.cpp in Sources */,
			);
			runOnlyForDeploymentPostprocessing = 0;
		};
/* End PBXSourcesBuildPhase section */

/* Begin PBXVariantGroup section */
		5FEF36111CF7B3D7003DE7BC /* Main.storyboard */ = {
			isa = PBXVariantGroup;
			children = (
				5FEF36121CF7B3D7003DE7BC /* Base */,
			);
			name = Main.storyboard;
			sourceTree = "<group>";
		};
		5FEF36161CF7B3D7003DE7BC /* LaunchScreen.storyboard */ = {
			isa = PBXVariantGroup;
			children = (
				5FEF36171CF7B3D7003DE7BC /* Base */,
			);
			name = LaunchScreen.storyboard;
			sourceTree = "<group>";
		};
/* End PBXVariantGroup section */

/* Begin XCBuildConfiguration section */
		5FEF361A1CF7B3D7003DE7BC /* Debug */ = {
			isa = XCBuildConfiguration;
			buildSettings = {
				ALWAYS_SEARCH_USER_PATHS = NO;
				CLANG_ANALYZER_LOCALIZABILITY_NONLOCALIZED = YES;
				CLANG_ANALYZER_NONNULL = YES;
				CLANG_CXX_LANGUAGE_STANDARD = "gnu++0x";
				CLANG_CXX_LIBRARY = "libc++";
				CLANG_ENABLE_MODULES = YES;
				CLANG_ENABLE_OBJC_ARC = YES;
				CLANG_WARN_BLOCK_CAPTURE_AUTORELEASING = YES;
				CLANG_WARN_BOOL_CONVERSION = YES;
				CLANG_WARN_COMMA = YES;
				CLANG_WARN_CONSTANT_CONVERSION = YES;
				CLANG_WARN_DEPRECATED_OBJC_IMPLEMENTATIONS = YES;
				CLANG_WARN_DIRECT_OBJC_ISA_USAGE = YES_ERROR;
				CLANG_WARN_EMPTY_BODY = YES;
				CLANG_WARN_ENUM_CONVERSION = YES;
				CLANG_WARN_INFINITE_RECURSION = YES;
				CLANG_WARN_INT_CONVERSION = YES;
				CLANG_WARN_NON_LITERAL_NULL_CONVERSION = YES;
				CLANG_WARN_OBJC_IMPLICIT_RETAIN_SELF = YES;
				CLANG_WARN_OBJC_LITERAL_CONVERSION = YES;
				CLANG_WARN_OBJC_ROOT_CLASS = YES_ERROR;
				CLANG_WARN_RANGE_LOOP_ANALYSIS = YES;
				CLANG_WARN_STRICT_PROTOTYPES = YES;
				CLANG_WARN_SUSPICIOUS_MOVE = YES;
				CLANG_WARN_UNREACHABLE_CODE = YES;
				CLANG_WARN__DUPLICATE_METHOD_MATCH = YES;
				CODE_SIGN_IDENTITY = "";
				"CODE_SIGN_IDENTITY[sdk=iphoneos*]" = "";
				COMPRESS_PNG_FILES = NO;
				COPY_PHASE_STRIP = NO;
				DEBUG_INFORMATION_FORMAT = dwarf;
				DEVELOPMENT_TEAM = Y682K92RZU;
				ENABLE_STRICT_OBJC_MSGSEND = YES;
				ENABLE_TESTABILITY = YES;
				GCC_C_LANGUAGE_STANDARD = gnu99;
				GCC_DYNAMIC_NO_PIC = NO;
				GCC_NO_COMMON_BLOCKS = YES;
				GCC_OPTIMIZATION_LEVEL = 0;
				GCC_PREPROCESSOR_DEFINITIONS = (
					"DEBUG=1",
					"$(inherited)",
				);
				GCC_WARN_64_TO_32_BIT_CONVERSION = YES;
				GCC_WARN_ABOUT_RETURN_TYPE = YES_ERROR;
				GCC_WARN_UNDECLARED_SELECTOR = YES;
				GCC_WARN_UNINITIALIZED_AUTOS = YES_AGGRESSIVE;
				GCC_WARN_UNUSED_FUNCTION = YES;
				GCC_WARN_UNUSED_VARIABLE = YES;
				HEADER_SEARCH_PATHS = "$(SRCROOT)/../SpectralBRDFExplorer/";
				IPHONEOS_DEPLOYMENT_TARGET = 9.3;
				MTL_ENABLE_DEBUG_INFO = YES;
				ONLY_ACTIVE_ARCH = YES;
				PROVISIONING_PROFILE = "d7267717-ff97-408a-9d7f-1fd47ffbff62";
				SDKROOT = iphoneos;
				STRIP_PNG_TEXT = NO;
			};
			name = Debug;
		};
		5FEF361B1CF7B3D7003DE7BC /* Release */ = {
			isa = XCBuildConfiguration;
			buildSettings = {
				ALWAYS_SEARCH_USER_PATHS = NO;
				CLANG_ANALYZER_LOCALIZABILITY_NONLOCALIZED = YES;
				CLANG_ANALYZER_NONNULL = YES;
				CLANG_CXX_LANGUAGE_STANDARD = "gnu++0x";
				CLANG_CXX_LIBRARY = "libc++";
				CLANG_ENABLE_MODULES = YES;
				CLANG_ENABLE_OBJC_ARC = YES;
				CLANG_WARN_BLOCK_CAPTURE_AUTORELEASING = YES;
				CLANG_WARN_BOOL_CONVERSION = YES;
				CLANG_WARN_COMMA = YES;
				CLANG_WARN_CONSTANT_CONVERSION = YES;
				CLANG_WARN_DEPRECATED_OBJC_IMPLEMENTATIONS = YES;
				CLANG_WARN_DIRECT_OBJC_ISA_USAGE = YES_ERROR;
				CLANG_WARN_EMPTY_BODY = YES;
				CLANG_WARN_ENUM_CONVERSION = YES;
				CLANG_WARN_INFINITE_RECURSION = YES;
				CLANG_WARN_INT_CONVERSION = YES;
				CLANG_WARN_NON_LITERAL_NULL_CONVERSION = YES;
				CLANG_WARN_OBJC_IMPLICIT_RETAIN_SELF = YES;
				CLANG_WARN_OBJC_LITERAL_CONVERSION = YES;
				CLANG_WARN_OBJC_ROOT_CLASS = YES_ERROR;
				CLANG_WARN_RANGE_LOOP_ANALYSIS = YES;
				CLANG_WARN_STRICT_PROTOTYPES = YES;
				CLANG_WARN_SUSPICIOUS_MOVE = YES;
				CLANG_WARN_UNREACHABLE_CODE = YES;
				CLANG_WARN__DUPLICATE_METHOD_MATCH = YES;
				CODE_SIGN_IDENTITY = "";
				"CODE_SIGN_IDENTITY[sdk=iphoneos*]" = "";
				COMPRESS_PNG_FILES = NO;
				COPY_PHASE_STRIP = NO;
				DEBUG_INFORMATION_FORMAT = "dwarf-with-dsym";
				DEVELOPMENT_TEAM = Y682K92RZU;
				ENABLE_NS_ASSERTIONS = NO;
				ENABLE_STRICT_OBJC_MSGSEND = YES;
				GCC_C_LANGUAGE_STANDARD = gnu99;
				GCC_NO_COMMON_BLOCKS = YES;
				GCC_WARN_64_TO_32_BIT_CONVERSION = YES;
				GCC_WARN_ABOUT_RETURN_TYPE = YES_ERROR;
				GCC_WARN_UNDECLARED_SELECTOR = YES;
				GCC_WARN_UNINITIALIZED_AUTOS = YES_AGGRESSIVE;
				GCC_WARN_UNUSED_FUNCTION = YES;
				GCC_WARN_UNUSED_VARIABLE = YES;
				HEADER_SEARCH_PATHS = "$(SRCROOT)/../SpectralBRDFExplorer/";
				IPHONEOS_DEPLOYMENT_TARGET = 9.3;
				MTL_ENABLE_DEBUG_INFO = NO;
				PROVISIONING_PROFILE = "d7267717-ff97-408a-9d7f-1fd47ffbff62";
				SDKROOT = iphoneos;
				STRIP_PNG_TEXT = NO;
				VALIDATE_PRODUCT = YES;
			};
			name = Release;
		};
		5FEF361D1CF7B3D7003DE7BC /* Debug */ = {
			isa = XCBuildConfiguration;
			buildSettings = {
				ASSETCATALOG_COMPILER_APPICON_NAME = AppIcon;
				CODE_SIGN_IDENTITY = "";
				"CODE_SIGN_IDENTITY[sdk=iphoneos*]" = "iPhone Developer";
				COMPRESS_PNG_FILES = NO;
				DEVELOPMENT_TEAM = Y682K92RZU;
				HEADER_SEARCH_PATHS = "$(SRCROOT)/../SpectralBRDFExplorer/";
				INFOPLIST_FILE = app/Info.plist;
				LD_RUNPATH_SEARCH_PATHS = "$(inherited) @executable_path/Frameworks";
				PRODUCT_BUNDLE_IDENTIFIER = it.chicio.ios.SpectralBRDFExplorer;
				PRODUCT_NAME = SpectralBRDFExplorer;
				PROVISIONING_PROFILE = "";
				STRIP_PNG_TEXT = NO;
				TARGETED_DEVICE_FAMILY = "1,2";
			};
			name = Debug;
		};
		5FEF361E1CF7B3D7003DE7BC /* Release */ = {
			isa = XCBuildConfiguration;
			buildSettings = {
				ASSETCATALOG_COMPILER_APPICON_NAME = AppIcon;
				CODE_SIGN_IDENTITY = "";
				"CODE_SIGN_IDENTITY[sdk=iphoneos*]" = "iPhone Developer";
				COMPRESS_PNG_FILES = NO;
				DEVELOPMENT_TEAM = Y682K92RZU;
				HEADER_SEARCH_PATHS = "$(SRCROOT)/../SpectralBRDFExplorer/";
				INFOPLIST_FILE = app/Info.plist;
				LD_RUNPATH_SEARCH_PATHS = "$(inherited) @executable_path/Frameworks";
				PRODUCT_BUNDLE_IDENTIFIER = it.chicio.ios.SpectralBRDFExplorer;
				PRODUCT_NAME = SpectralBRDFExplorer;
				PROVISIONING_PROFILE = "";
				STRIP_PNG_TEXT = NO;
				TARGETED_DEVICE_FAMILY = "1,2";
			};
			name = Release;
		};
/* End XCBuildConfiguration section */

/* Begin XCConfigurationList section */
		5FEF36001CF7B3D7003DE7BC /* Build configuration list for PBXProject "SpectralBRDFExplorer" */ = {
			isa = XCConfigurationList;
			buildConfigurations = (
				5FEF361A1CF7B3D7003DE7BC /* Debug */,
				5FEF361B1CF7B3D7003DE7BC /* Release */,
			);
			defaultConfigurationIsVisible = 0;
			defaultConfigurationName = Release;
		};
		5FEF361C1CF7B3D7003DE7BC /* Build configuration list for PBXNativeTarget "SpectralBRDFExplorer" */ = {
			isa = XCConfigurationList;
			buildConfigurations = (
				5FEF361D1CF7B3D7003DE7BC /* Debug */,
				5FEF361E1CF7B3D7003DE7BC /* Release */,
			);
			defaultConfigurationIsVisible = 0;
			defaultConfigurationName = Release;
		};
/* End XCConfigurationList section */
	};
	rootObject = 5FEF35FD1CF7B3D7003DE7BC /* Project object */;
}
